
Microsoft Visual Studio Solution File, Format Version 12.00
# Visual Studio 15
VisualStudioVersion = 15.0.26228.9
MinimumVisualStudioVersion = 10.0.40219.1
Project("{FAE04EC0-301F-11D3-BF4B-00C04F79EFBC}") = "ContosoClaimService.API", "ContosoClaimService.API\ContosoClaimService.API.csproj", "{FC843B4D-B07D-4AB8-A4E9-D8835036A84C}"
EndProject
Project("{FAE04EC0-301F-11D3-BF4B-00C04F79EFBC}") = "ContosoClaimService.Model", "ContosoClaimService.Model\ContosoClaimService.Model.csproj", "{6C5B2B74-D0D5-4EC8-BC15-F1A40910ACE7}"
EndProject
Project("{FAE04EC0-301F-11D3-BF4B-00C04F79EFBC}") = "ContosoClaimService.Data", "ContosoClaimService.Data\ContosoClaimService.Data.csproj", "{E9F4000C-9BBB-4C14-9C37-3BA22DB4D2C2}"
EndProject
Project("{FAE04EC0-301F-11D3-BF4B-00C04F79EFBC}") = "ContosoClaimService.Tests", "ContosoClaimService.Tests\ContosoClaimService.Tests.csproj", "{46FBCA39-E581-4C9C-A96A-C1B6D3675D31}"
EndProject
Global
	GlobalSection(SolutionConfigurationPlatforms) = preSolution
		Debug|Any CPU = Debug|Any CPU
		Release|Any CPU = Release|Any CPU
	EndGlobalSection
	GlobalSection(ProjectConfigurationPlatforms) = postSolution
		{FC843B4D-B07D-4AB8-A4E9-D8835036A84C}.Debug|Any CPU.ActiveCfg = Debug|Any CPU
		{FC843B4D-B07D-4AB8-A4E9-D8835036A84C}.Debug|Any CPU.Build.0 = Debug|Any CPU
		{FC843B4D-B07D-4AB8-A4E9-D8835036A84C}.Release|Any CPU.ActiveCfg = Release|Any CPU
		{FC843B4D-B07D-4AB8-A4E9-D8835036A84C}.Release|Any CPU.Build.0 = Release|Any CPU
		{6C5B2B74-D0D5-4EC8-BC15-F1A40910ACE7}.Debug|Any CPU.ActiveCfg = Debug|Any CPU
		{6C5B2B74-D0D5-4EC8-BC15-F1A40910ACE7}.Debug|Any CPU.Build.0 = Debug|Any CPU
		{6C5B2B74-D0D5-4EC8-BC15-F1A40910ACE7}.Release|Any CPU.ActiveCfg = Release|Any CPU
		{6C5B2B74-D0D5-4EC8-BC15-F1A40910ACE7}.Release|Any CPU.Build.0 = Release|Any CPU
		{E9F4000C-9BBB-4C14-9C37-3BA22DB4D2C2}.Debug|Any CPU.ActiveCfg = Debug|Any CPU
		{E9F4000C-9BBB-4C14-9C37-3BA22DB4D2C2}.Debug|Any CPU.Build.0 = Debug|Any CPU
		{E9F4000C-9BBB-4C14-9C37-3BA22DB4D2C2}.Release|Any CPU.ActiveCfg = Release|Any CPU
		{E9F4000C-9BBB-4C14-9C37-3BA22DB4D2C2}.Release|Any CPU.Build.0 = Release|Any CPU
		{46FBCA39-E581-4C9C-A96A-C1B6D3675D31}.Debug|Any CPU.ActiveCfg = Debug|Any CPU
		{46FBCA39-E581-4C9C-A96A-C1B6D3675D31}.Debug|Any CPU.Build.0 = Debug|Any CPU
		{46FBCA39-E581-4C9C-A96A-C1B6D3675D31}.Release|Any CPU.ActiveCfg = Release|Any CPU
		{46FBCA39-E581-4C9C-A96A-C1B6D3675D31}.Release|Any CPU.Build.0 = Release|Any CPU
	EndGlobalSection
	GlobalSection(SolutionProperties) = preSolution
		HideSolutionNode = FALSE
	EndGlobalSection
EndGlobal
